// !$*UTF8*$!
{
	archiveVersion = 1;
	classes = {
	};
	objectVersion = 48;
	objects = {

/* Begin PBXBuildFile section */
		88A98A8726F3171272FF4135 /* Pods_UPillow.framework in Frameworks */ = {isa = PBXBuildFile; fileRef = AF649B0A3BE00AB93442C8A8 /* Pods_UPillow.framework */; };
		A60B14331F2F048F00675C6E /* AppDelegate.swift in Sources */ = {isa = PBXBuildFile; fileRef = A60B14321F2F048F00675C6E /* AppDelegate.swift */; };
		A60B14351F2F048F00675C6E /* IndexViewController.swift in Sources */ = {isa = PBXBuildFile; fileRef = A60B14341F2F048F00675C6E /* IndexViewController.swift */; };
		A60B14381F2F048F00675C6E /* Main.storyboard in Resources */ = {isa = PBXBuildFile; fileRef = A60B14361F2F048F00675C6E /* Main.storyboard */; };
		A60B143A1F2F048F00675C6E /* Assets.xcassets in Resources */ = {isa = PBXBuildFile; fileRef = A60B14391F2F048F00675C6E /* Assets.xcassets */; };
		A60B143D1F2F048F00675C6E /* LaunchScreen.storyboard in Resources */ = {isa = PBXBuildFile; fileRef = A60B143B1F2F048F00675C6E /* LaunchScreen.storyboard */; };
		A6DD6EC01F30801F0063B562 /* WDCentralManage.swift in Sources */ = {isa = PBXBuildFile; fileRef = A6DD6EBF1F30801F0063B562 /* WDCentralManage.swift */; };
		A6DD6EC21F30C4C20063B562 /* WDCBConfiguration.swift in Sources */ = {isa = PBXBuildFile; fileRef = A6DD6EC11F30C4C20063B562 /* WDCBConfiguration.swift */; };
		A6DD6EC41F30C9FC0063B562 /* WDPeripheal.swift in Sources */ = {isa = PBXBuildFile; fileRef = A6DD6EC31F30C9FC0063B562 /* WDPeripheal.swift */; };
/* End PBXBuildFile section */

/* Begin PBXFileReference section */
		0FB69198C5D91623BCE06CD0 /* Pods-UPillow.release.xcconfig */ = {isa = PBXFileReference; includeInIndex = 1; lastKnownFileType = text.xcconfig; name = "Pods-UPillow.release.xcconfig"; path = "Pods/Target Support Files/Pods-UPillow/Pods-UPillow.release.xcconfig"; sourceTree = "<group>"; };
		47514E3EF25A8FA86797F96B /* Pods-UPillow.debug.xcconfig */ = {isa = PBXFileReference; includeInIndex = 1; lastKnownFileType = text.xcconfig; name = "Pods-UPillow.debug.xcconfig"; path = "Pods/Target Support Files/Pods-UPillow/Pods-UPillow.debug.xcconfig"; sourceTree = "<group>"; };
		A60B142F1F2F048F00675C6E /* UPillow.app */ = {isa = PBXFileReference; explicitFileType = wrapper.application; includeInIndex = 0; path = UPillow.app; sourceTree = BUILT_PRODUCTS_DIR; };
		A60B14321F2F048F00675C6E /* AppDelegate.swift */ = {isa = PBXFileReference; lastKnownFileType = sourcecode.swift; path = AppDelegate.swift; sourceTree = "<group>"; };
		A60B14341F2F048F00675C6E /* IndexViewController.swift */ = {isa = PBXFileReference; lastKnownFileType = sourcecode.swift; path = IndexViewController.swift; sourceTree = "<group>"; };
		A60B14371F2F048F00675C6E /* Base */ = {isa = PBXFileReference; lastKnownFileType = file.storyboard; name = Base; path = Base.lproj/Main.storyboard; sourceTree = "<group>"; };
		A60B14391F2F048F00675C6E /* Assets.xcassets */ = {isa = PBXFileReference; lastKnownFileType = folder.assetcatalog; path = Assets.xcassets; sourceTree = "<group>"; };
		A60B143C1F2F048F00675C6E /* Base */ = {isa = PBXFileReference; lastKnownFileType = file.storyboard; name = Base; path = Base.lproj/LaunchScreen.storyboard; sourceTree = "<group>"; };
		A60B143E1F2F048F00675C6E /* Info.plist */ = {isa = PBXFileReference; lastKnownFileType = text.plist.xml; path = Info.plist; sourceTree = "<group>"; };
		A6DD6EBF1F30801F0063B562 /* WDCentralManage.swift */ = {isa = PBXFileReference; lastKnownFileType = sourcecode.swift; path = WDCentralManage.swift; sourceTree = "<group>"; };
		A6DD6EC11F30C4C20063B562 /* WDCBConfiguration.swift */ = {isa = PBXFileReference; lastKnownFileType = sourcecode.swift; path = WDCBConfiguration.swift; sourceTree = "<group>"; };
		A6DD6EC31F30C9FC0063B562 /* WDPeripheal.swift */ = {isa = PBXFileReference; lastKnownFileType = sourcecode.swift; path = WDPeripheal.swift; sourceTree = "<group>"; };
		AF649B0A3BE00AB93442C8A8 /* Pods_UPillow.framework */ = {isa = PBXFileReference; explicitFileType = wrapper.framework; includeInIndex = 0; path = Pods_UPillow.framework; sourceTree = BUILT_PRODUCTS_DIR; };
/* End PBXFileReference section */

/* Begin PBXFrameworksBuildPhase section */
		A60B142C1F2F048F00675C6E /* Frameworks */ = {
			isa = PBXFrameworksBuildPhase;
			buildActionMask = 2147483647;
			files = (
				88A98A8726F3171272FF4135 /* Pods_UPillow.framework in Frameworks */,
			);
			runOnlyForDeploymentPostprocessing = 0;
		};
/* End PBXFrameworksBuildPhase section */

/* Begin PBXGroup section */
		86338255DF74E3B975588F96 /* Frameworks */ = {
			isa = PBXGroup;
			children = (
				AF649B0A3BE00AB93442C8A8 /* Pods_UPillow.framework */,
			);
			name = Frameworks;
			sourceTree = "<group>";
		};
		A60B14261F2F048F00675C6E = {
			isa = PBXGroup;
			children = (
				A60B14311F2F048F00675C6E /* UPillow */,
				A60B14301F2F048F00675C6E /* Products */,
				EF96919C995903F8E39FB2B0 /* Pods */,
				86338255DF74E3B975588F96 /* Frameworks */,
			);
			sourceTree = "<group>";
		};
		A60B14301F2F048F00675C6E /* Products */ = {
			isa = PBXGroup;
			children = (
				A60B142F1F2F048F00675C6E /* UPillow.app */,
			);
			name = Products;
			sourceTree = "<group>";
		};
		A60B14311F2F048F00675C6E /* UPillow */ = {
			isa = PBXGroup;
			children = (
				A60B14441F3017FC00675C6E /* Classes */,
				A60B14321F2F048F00675C6E /* AppDelegate.swift */,
				A60B14361F2F048F00675C6E /* Main.storyboard */,
				A60B14391F2F048F00675C6E /* Assets.xcassets */,
				A60B143B1F2F048F00675C6E /* LaunchScreen.storyboard */,
				A60B143E1F2F048F00675C6E /* Info.plist */,
			);
			path = UPillow;
			sourceTree = "<group>";
		};
		A60B14441F3017FC00675C6E /* Classes */ = {
			isa = PBXGroup;
			children = (
				A6DD6EBE1F307CF20063B562 /* WDBluetoothKit */,
				A60B14451F301BBF00675C6E /* View */,
				A60B14341F2F048F00675C6E /* IndexViewController.swift */,
			);
			path = Classes;
			sourceTree = "<group>";
		};
		A60B14451F301BBF00675C6E /* View */ = {
			isa = PBXGroup;
			children = (
			);
			path = View;
			sourceTree = "<group>";
		};
		A6DD6EBE1F307CF20063B562 /* WDBluetoothKit */ = {
			isa = PBXGroup;
			children = (
				A6DD6EBF1F30801F0063B562 /* WDCentralManage.swift */,
				A6DD6EC11F30C4C20063B562 /* WDCBConfiguration.swift */,
				A6DD6EC31F30C9FC0063B562 /* WDPeripheal.swift */,
			);
			path = WDBluetoothKit;
			sourceTree = "<group>";
		};
		EF96919C995903F8E39FB2B0 /* Pods */ = {
			isa = PBXGroup;
			children = (
				47514E3EF25A8FA86797F96B /* Pods-UPillow.debug.xcconfig */,
				0FB69198C5D91623BCE06CD0 /* Pods-UPillow.release.xcconfig */,
			);
			name = Pods;
			sourceTree = "<group>";
		};
/* End PBXGroup section */

/* Begin PBXNativeTarget section */
		A60B142E1F2F048F00675C6E /* UPillow */ = {
			isa = PBXNativeTarget;
			buildConfigurationList = A60B14411F2F048F00675C6E /* Build configuration list for PBXNativeTarget "UPillow" */;
			buildPhases = (
				F12A41C967EE61D5C6A66C77 /* [CP] Check Pods Manifest.lock */,
				A60B142B1F2F048F00675C6E /* Sources */,
				A60B142C1F2F048F00675C6E /* Frameworks */,
				A60B142D1F2F048F00675C6E /* Resources */,
				FC8BE5538623FC29A2B5F366 /* [CP] Embed Pods Frameworks */,
				5485F6A10AA24F1580DB6614 /* [CP] Copy Pods Resources */,
			);
			buildRules = (
			);
			dependencies = (
			);
			name = UPillow;
			productName = UPillow;
			productReference = A60B142F1F2F048F00675C6E /* UPillow.app */;
			productType = "com.apple.product-type.application";
		};
/* End PBXNativeTarget section */

/* Begin PBXProject section */
		A60B14271F2F048F00675C6E /* Project object */ = {
			isa = PBXProject;
			attributes = {
				LastSwiftUpdateCheck = 0900;
				LastUpgradeCheck = 0900;
				ORGANIZATIONNAME = Podoon;
				TargetAttributes = {
					A60B142E1F2F048F00675C6E = {
						CreatedOnToolsVersion = 9.0;
					};
				};
			};
			buildConfigurationList = A60B142A1F2F048F00675C6E /* Build configuration list for PBXProject "UPillow" */;
			compatibilityVersion = "Xcode 8.0";
			developmentRegion = en;
			hasScannedForEncodings = 0;
			knownRegions = (
				en,
				Base,
			);
			mainGroup = A60B14261F2F048F00675C6E;
			productRefGroup = A60B14301F2F048F00675C6E /* Products */;
			projectDirPath = "";
			projectRoot = "";
			targets = (
				A60B142E1F2F048F00675C6E /* UPillow */,
			);
		};
/* End PBXProject section */

/* Begin PBXResourcesBuildPhase section */
		A60B142D1F2F048F00675C6E /* Resources */ = {
			isa = PBXResourcesBuildPhase;
			buildActionMask = 2147483647;
			files = (
				A60B143D1F2F048F00675C6E /* LaunchScreen.storyboard in Resources */,
				A60B143A1F2F048F00675C6E /* Assets.xcassets in Resources */,
				A60B14381F2F048F00675C6E /* Main.storyboard in Resources */,
			);
			runOnlyForDeploymentPostprocessing = 0;
		};
/* End PBXResourcesBuildPhase section */

/* Begin PBXShellScriptBuildPhase section */
		5485F6A10AA24F1580DB6614 /* [CP] Copy Pods Resources */ = {
			isa = PBXShellScriptBuildPhase;
			buildActionMask = 2147483647;
			files = (
			);
			inputPaths = (
			);
			name = "[CP] Copy Pods Resources";
			outputPaths = (
			);
			runOnlyForDeploymentPostprocessing = 0;
			shellPath = /bin/sh;
			shellScript = "\"${SRCROOT}/Pods/Target Support Files/Pods-UPillow/Pods-UPillow-resources.sh\"\n";
			showEnvVarsInLog = 0;
		};
		F12A41C967EE61D5C6A66C77 /* [CP] Check Pods Manifest.lock */ = {
			isa = PBXShellScriptBuildPhase;
			buildActionMask = 2147483647;
			files = (
			);
			inputPaths = (
			);
			name = "[CP] Check Pods Manifest.lock";
			outputPaths = (
			);
			runOnlyForDeploymentPostprocessing = 0;
			shellPath = /bin/sh;
			shellScript = "diff \"${PODS_PODFILE_DIR_PATH}/Podfile.lock\" \"${PODS_ROOT}/Manifest.lock\" > /dev/null\nif [ $? != 0 ] ; then\n    # print error to STDERR\n    echo \"error: The sandbox is not in sync with the Podfile.lock. Run 'pod install' or update your CocoaPods installation.\" >&2\n    exit 1\nfi\n";
			showEnvVarsInLog = 0;
		};
		FC8BE5538623FC29A2B5F366 /* [CP] Embed Pods Frameworks */ = {
			isa = PBXShellScriptBuildPhase;
			buildActionMask = 2147483647;
			files = (
			);
			inputPaths = (
			);
			name = "[CP] Embed Pods Frameworks";
			outputPaths = (
			);
			runOnlyForDeploymentPostprocessing = 0;
			shellPath = /bin/sh;
			shellScript = "\"${SRCROOT}/Pods/Target Support Files/Pods-UPillow/Pods-UPillow-frameworks.sh\"\n";
			showEnvVarsInLog = 0;
		};
/* End PBXShellScriptBuildPhase section */

/* Begin PBXSourcesBuildPhase section */
		A60B142B1F2F048F00675C6E /* Sources */ = {
			isa = PBXSourcesBuildPhase;
			buildActionMask = 2147483647;
			files = (
				A60B14351F2F048F00675C6E /* IndexViewController.swift in Sources */,
				A6DD6EC41F30C9FC0063B562 /* WDPeripheal.swift in Sources */,
				A60B14331F2F048F00675C6E /* AppDelegate.swift in Sources */,
				A6DD6EC21F30C4C20063B562 /* WDCBConfiguration.swift in Sources */,
				A6DD6EC01F30801F0063B562 /* WDCentralManage.swift in Sources */,
			);
			runOnlyForDeploymentPostprocessing = 0;
		};
/* End PBXSourcesBuildPhase section */

/* Begin PBXVariantGroup section */
		A60B14361F2F048F00675C6E /* Main.storyboard */ = {
			isa = PBXVariantGroup;
			children = (
				A60B14371F2F048F00675C6E /* Base */,
			);
			name = Main.storyboard;
			sourceTree = "<group>";
		};
		A60B143B1F2F048F00675C6E /* LaunchScreen.storyboard */ = {
			isa = PBXVariantGroup;
			children = (
				A60B143C1F2F048F00675C6E /* Base */,
			);
			name = LaunchScreen.storyboard;
			sourceTree = "<group>";
		};
/* End PBXVariantGroup section */

/* Begin XCBuildConfiguration section */
		A60B143F1F2F048F00675C6E /* Debug */ = {
			isa = XCBuildConfiguration;
			buildSettings = {
				ALWAYS_SEARCH_USER_PATHS = NO;
				CLANG_ANALYZER_NONNULL = YES;
				CLANG_ANALYZER_NUMBER_OBJECT_CONVERSION = YES_AGGRESSIVE;
				CLANG_CXX_LANGUAGE_STANDARD = "gnu++14";
				CLANG_CXX_LIBRARY = "libc++";
				CLANG_ENABLE_MODULES = YES;
				CLANG_ENABLE_OBJC_ARC = YES;
				CLANG_WARN_BLOCK_CAPTURE_AUTORELEASING = YES;
				CLANG_WARN_BOOL_CONVERSION = YES;
				CLANG_WARN_COMMA = YES;
				CLANG_WARN_CONSTANT_CONVERSION = YES;
				CLANG_WARN_DIRECT_OBJC_ISA_USAGE = YES_ERROR;
				CLANG_WARN_DOCUMENTATION_COMMENTS = YES;
				CLANG_WARN_EMPTY_BODY = YES;
				CLANG_WARN_ENUM_CONVERSION = YES;
				CLANG_WARN_INFINITE_RECURSION = YES;
				CLANG_WARN_INT_CONVERSION = YES;
				CLANG_WARN_NON_LITERAL_NULL_CONVERSION = YES;
				CLANG_WARN_OBJC_LITERAL_CONVERSION = YES;
				CLANG_WARN_OBJC_ROOT_CLASS = YES_ERROR;
				CLANG_WARN_RANGE_LOOP_ANALYSIS = YES;
				CLANG_WARN_STRICT_PROTOTYPES = YES;
				CLANG_WARN_SUSPICIOUS_MOVE = YES;
				CLANG_WARN_UNGUARDED_AVAILABILITY = YES_AGGRESSIVE;
				CLANG_WARN_UNREACHABLE_CODE = YES;
				CLANG_WARN__DUPLICATE_METHOD_MATCH = YES;
				CODE_SIGN_IDENTITY = "iPhone Developer";
				COPY_PHASE_STRIP = NO;
				DEBUG_INFORMATION_FORMAT = dwarf;
				ENABLE_STRICT_OBJC_MSGSEND = YES;
				ENABLE_TESTABILITY = YES;
				GCC_C_LANGUAGE_STANDARD = gnu11;
				GCC_DYNAMIC_NO_PIC = NO;
				GCC_NO_COMMON_BLOCKS = YES;
				GCC_OPTIMIZATION_LEVEL = 0;
				GCC_PREPROCESSOR_DEFINITIONS = (
					"DEBUG=1",
					"$(inherited)",
				);
				GCC_WARN_64_TO_32_BIT_CONVERSION = YES;
				GCC_WARN_ABOUT_RETURN_TYPE = YES_ERROR;
				GCC_WARN_UNDECLARED_SELECTOR = YES;
				GCC_WARN_UNINITIALIZED_AUTOS = YES_AGGRESSIVE;
				GCC_WARN_UNUSED_FUNCTION = YES;
				GCC_WARN_UNUSED_VARIABLE = YES;
				IPHONEOS_DEPLOYMENT_TARGET = 11.0;
				MTL_ENABLE_DEBUG_INFO = YES;
				ONLY_ACTIVE_ARCH = YES;
				SDKROOT = iphoneos;
				SWIFT_ACTIVE_COMPILATION_CONDITIONS = DEBUG;
				SWIFT_OPTIMIZATION_LEVEL = "-Onone";
			};
			name = Debug;
		};
		A60B14401F2F048F00675C6E /* Release */ = {
			isa = XCBuildConfiguration;
			buildSettings = {
				ALWAYS_SEARCH_USER_PATHS = NO;
				CLANG_ANALYZER_NONNULL = YES;
				CLANG_ANALYZER_NUMBER_OBJECT_CONVERSION = YES_AGGRESSIVE;
				CLANG_CXX_LANGUAGE_STANDARD = "gnu++14";
				CLANG_CXX_LIBRARY = "libc++";
				CLANG_ENABLE_MODULES = YES;
				CLANG_ENABLE_OBJC_ARC = YES;
				CLANG_WARN_BLOCK_CAPTURE_AUTORELEASING = YES;
				CLANG_WARN_BOOL_CONVERSION = YES;
				CLANG_WARN_COMMA = YES;
				CLANG_WARN_CONSTANT_CONVERSION = YES;
				CLANG_WARN_DIRECT_OBJC_ISA_USAGE = YES_ERROR;
				CLANG_WARN_DOCUMENTATION_COMMENTS = YES;
				CLANG_WARN_EMPTY_BODY = YES;
				CLANG_WARN_ENUM_CONVERSION = YES;
				CLANG_WARN_INFINITE_RECURSION = YES;
				CLANG_WARN_INT_CONVERSION = YES;
				CLANG_WARN_NON_LITERAL_NULL_CONVERSION = YES;
				CLANG_WARN_OBJC_LITERAL_CONVERSION = YES;
				CLANG_WARN_OBJC_ROOT_CLASS = YES_ERROR;
				CLANG_WARN_RANGE_LOOP_ANALYSIS = YES;
				CLANG_WARN_STRICT_PROTOTYPES = YES;
				CLANG_WARN_SUSPICIOUS_MOVE = YES;
				CLANG_WARN_UNGUARDED_AVAILABILITY = YES_AGGRESSIVE;
				CLANG_WARN_UNREACHABLE_CODE = YES;
				CLANG_WARN__DUPLICATE_METHOD_MATCH = YES;
				CODE_SIGN_IDENTITY = "iPhone Developer";
				COPY_PHASE_STRIP = NO;
				DEBUG_INFORMATION_FORMAT = "dwarf-with-dsym";
				ENABLE_NS_ASSERTIONS = NO;
				ENABLE_STRICT_OBJC_MSGSEND = YES;
				GCC_C_LANGUAGE_STANDARD = gnu11;
				GCC_NO_COMMON_BLOCKS = YES;
				GCC_WARN_64_TO_32_BIT_CONVERSION = YES;
				GCC_WARN_ABOUT_RETURN_TYPE = YES_ERROR;
				GCC_WARN_UNDECLARED_SELECTOR = YES;
				GCC_WARN_UNINITIALIZED_AUTOS = YES_AGGRESSIVE;
				GCC_WARN_UNUSED_FUNCTION = YES;
				GCC_WARN_UNUSED_VARIABLE = YES;
				IPHONEOS_DEPLOYMENT_TARGET = 11.0;
				MTL_ENABLE_DEBUG_INFO = NO;
				SDKROOT = iphoneos;
				SWIFT_OPTIMIZATION_LEVEL = "-Owholemodule";
				VALIDATE_PRODUCT = YES;
			};
			name = Release;
		};
		A60B14421F2F048F00675C6E /* Debug */ = {
			isa = XCBuildConfiguration;
			baseConfigurationReference = 47514E3EF25A8FA86797F96B /* Pods-UPillow.debug.xcconfig */;
			buildSettings = {
				ASSETCATALOG_COMPILER_APPICON_NAME = AppIcon;
				DEVELOPMENT_TEAM = L6U7BB57HF;
				INFOPLIST_FILE = UPillow/Info.plist;
				IPHONEOS_DEPLOYMENT_TARGET = 9.0;
				LD_RUNPATH_SEARCH_PATHS = "$(inherited) @executable_path/Frameworks";
				PRODUCT_BUNDLE_IDENTIFIER = com.runmaf.pillow.UPillow;
				PRODUCT_NAME = "$(TARGET_NAME)";
				SWIFT_VERSION = 4.0;
				TARGETED_DEVICE_FAMILY = "1,2";
			};
			name = Debug;
		};
		A60B14431F2F048F00675C6E /* Release */ = {
			isa = XCBuildConfiguration;
			baseConfigurationReference = 0FB69198C5D91623BCE06CD0 /* Pods-UPillow.release.xcconfig */;
			buildSettings = {
				ASSETCATALOG_COMPILER_APPICON_NAME = AppIcon;
				DEVELOPMENT_TEAM = L6U7BB57HF;
				INFOPLIST_FILE = UPillow/Info.plist;
				IPHONEOS_DEPLOYMENT_TARGET = 9.0;
				LD_RUNPATH_SEARCH_PATHS = "$(inherited) @executable_path/Frameworks";
				PRODUCT_BUNDLE_IDENTIFIER = com.runmaf.pillow.UPillow;
				PRODUCT_NAME = "$(TARGET_NAME)";
				SWIFT_VERSION = 4.0;
				TARGETED_DEVICE_FAMILY = "1,2";
			};
			name = Release;
		};
/* End XCBuildConfiguration section */

/* Begin XCConfigurationList section */
		A60B142A1F2F048F00675C6E /* Build configuration list for PBXProject "UPillow" */ = {
			isa = XCConfigurationList;
			buildConfigurations = (
				A60B143F1F2F048F00675C6E /* Debug */,
				A60B14401F2F048F00675C6E /* Release */,
			);
			defaultConfigurationIsVisible = 0;
			defaultConfigurationName = Release;
		};
		A60B14411F2F048F00675C6E /* Build configuration list for PBXNativeTarget "UPillow" */ = {
			isa = XCConfigurationList;
			buildConfigurations = (
				A60B14421F2F048F00675C6E /* Debug */,
				A60B14431F2F048F00675C6E /* Release */,
			);
			defaultConfigurationIsVisible = 0;
			defaultConfigurationName = Release;
		};
/* End XCConfigurationList section */
	};
	rootObject = A60B14271F2F048F00675C6E /* Project object */;
}
